// !$*UTF8*$!
{
	archiveVersion = 1;
	classes = {
	};
	objectVersion = 55;
	objects = {

/* Begin PBXBuildFile section */
		33FEBC3529558BEB4471330D /* Pods_Maps_Project.framework in Frameworks */ = {isa = PBXBuildFile; fileRef = 741ED81DC7F21DAB09F7DEAA /* Pods_Maps_Project.framework */; };
		C71D417D27BF979F00FD3E1E /* NetworkService.swift in Sources */ = {isa = PBXBuildFile; fileRef = C71D417C27BF979F00FD3E1E /* NetworkService.swift */; };
		C71D544627BFEEA900E514BB /* PlacesService.swift in Sources */ = {isa = PBXBuildFile; fileRef = C71D544527BFEEA900E514BB /* PlacesService.swift */; };
		C7248E0627C3D9B600258918 /* PlacesListViewController.swift in Sources */ = {isa = PBXBuildFile; fileRef = C7248E0527C3D9B600258918 /* PlacesListViewController.swift */; };
		C7613BB027CE69A9003872A5 /* CellDequeueReusable&Registable.swift in Sources */ = {isa = PBXBuildFile; fileRef = C7613BAF27CE69A8003872A5 /* CellDequeueReusable&Registable.swift */; };
		C7613BB427CE6A97003872A5 /* BaseTableViewCell.swift in Sources */ = {isa = PBXBuildFile; fileRef = C7613BB327CE6A97003872A5 /* BaseTableViewCell.swift */; };
		C775D79027BBE1DB00EF6568 /* GoogleService.swift in Sources */ = {isa = PBXBuildFile; fileRef = C775D78F27BBE1DB00EF6568 /* GoogleService.swift */; };
		C79BC25227C3B54F0071A207 /* DataExtension.swift in Sources */ = {isa = PBXBuildFile; fileRef = C79BC25127C3B54F0071A207 /* DataExtension.swift */; };
		C79BFD5527C4F58E00B3876E /* PlaceList.storyboard in Resources */ = {isa = PBXBuildFile; fileRef = C79BFD5427C4F58E00B3876E /* PlaceList.storyboard */; };
		C79BFD5927C503A400B3876E /* UIViewExtension.swift in Sources */ = {isa = PBXBuildFile; fileRef = C79BFD5827C503A400B3876E /* UIViewExtension.swift */; };
		C79BFD5B27C505C900B3876E /* StoryboardEnum.swift in Sources */ = {isa = PBXBuildFile; fileRef = C79BFD5A27C505C900B3876E /* StoryboardEnum.swift */; };
		C79BFD5D27C505E400B3876E /* UIViewControllerExtension.swift in Sources */ = {isa = PBXBuildFile; fileRef = C79BFD5C27C505E400B3876E /* UIViewControllerExtension.swift */; };
		C7AD62F727C3DB5C00A6365A /* UIImageViewExtension.swift in Sources */ = {isa = PBXBuildFile; fileRef = C7AD62F627C3DB5C00A6365A /* UIImageViewExtension.swift */; };
		C7C6F77727BE40230076BD36 /* PlacesInformation.swift in Sources */ = {isa = PBXBuildFile; fileRef = C7C6F77627BE40230076BD36 /* PlacesInformation.swift */; };
		C7C6F77927BE402F0076BD36 /* LocationManager.swift in Sources */ = {isa = PBXBuildFile; fileRef = C7C6F77827BE402F0076BD36 /* LocationManager.swift */; };
		C7C7289827D6547D0076679E /* PlaceViewCell.swift in Sources */ = {isa = PBXBuildFile; fileRef = C7C7289727D6547D0076679E /* PlaceViewCell.swift */; };
		C7C7289A27D66B400076679E /* DoubleExtension.swift in Sources */ = {isa = PBXBuildFile; fileRef = C7C7289927D66B400076679E /* DoubleExtension.swift */; };
		C7EF259627D10C11000946CE /* PlaceXibTableViewCell.swift in Sources */ = {isa = PBXBuildFile; fileRef = C7EF259427D10C11000946CE /* PlaceXibTableViewCell.swift */; };
		C7EF259727D10C11000946CE /* PlaceXibTableViewCell.xib in Resources */ = {isa = PBXBuildFile; fileRef = C7EF259527D10C11000946CE /* PlaceXibTableViewCell.xib */; };
		C7EDA89A27D618AB00DCFA79 /* PlaceListCollectionViewController.swift in Sources */ = {isa = PBXBuildFile; fileRef = C7EDA89927D618AB00DCFA79 /* PlaceListCollectionViewController.swift */; };
		C7EDA89C27D62EB600DCFA79 /* PlaceCollectionViewCell.swift in Sources */ = {isa = PBXBuildFile; fileRef = C7EDA89B27D62EB600DCFA79 /* PlaceCollectionViewCell.swift */; };
		C7F01ED827BBAC6300DC9EE4 /* AppDelegate.swift in Sources */ = {isa = PBXBuildFile; fileRef = C7F01ED727BBAC6300DC9EE4 /* AppDelegate.swift */; };
		C7F01EDA27BBAC6300DC9EE4 /* SceneDelegate.swift in Sources */ = {isa = PBXBuildFile; fileRef = C7F01ED927BBAC6300DC9EE4 /* SceneDelegate.swift */; };
		C7F01EDC27BBAC6300DC9EE4 /* MapViewController.swift in Sources */ = {isa = PBXBuildFile; fileRef = C7F01EDB27BBAC6300DC9EE4 /* MapViewController.swift */; };
		C7F01EDF27BBAC6300DC9EE4 /* Map.storyboard in Resources */ = {isa = PBXBuildFile; fileRef = C7F01EDD27BBAC6300DC9EE4 /* Map.storyboard */; };
		C7F01EE127BBAC6300DC9EE4 /* Assets.xcassets in Resources */ = {isa = PBXBuildFile; fileRef = C7F01EE027BBAC6300DC9EE4 /* Assets.xcassets */; };
		C7F01EE427BBAC6300DC9EE4 /* LaunchScreen.storyboard in Resources */ = {isa = PBXBuildFile; fileRef = C7F01EE227BBAC6300DC9EE4 /* LaunchScreen.storyboard */; };
/* End PBXBuildFile section */

/* Begin PBXFileReference section */
		0CBEB23D16A6AA501DC99EAB /* Pods-Maps Project.debug.xcconfig */ = {isa = PBXFileReference; includeInIndex = 1; lastKnownFileType = text.xcconfig; name = "Pods-Maps Project.debug.xcconfig"; path = "Target Support Files/Pods-Maps Project/Pods-Maps Project.debug.xcconfig"; sourceTree = "<group>"; };
		1B08321CC5DF1ED2B6471B14 /* Pods-Maps Project.release.xcconfig */ = {isa = PBXFileReference; includeInIndex = 1; lastKnownFileType = text.xcconfig; name = "Pods-Maps Project.release.xcconfig"; path = "Target Support Files/Pods-Maps Project/Pods-Maps Project.release.xcconfig"; sourceTree = "<group>"; };
		741ED81DC7F21DAB09F7DEAA /* Pods_Maps_Project.framework */ = {isa = PBXFileReference; explicitFileType = wrapper.framework; includeInIndex = 0; path = Pods_Maps_Project.framework; sourceTree = BUILT_PRODUCTS_DIR; };
		C71D417C27BF979F00FD3E1E /* NetworkService.swift */ = {isa = PBXFileReference; lastKnownFileType = sourcecode.swift; path = NetworkService.swift; sourceTree = "<group>"; };
		C71D544527BFEEA900E514BB /* PlacesService.swift */ = {isa = PBXFileReference; lastKnownFileType = sourcecode.swift; path = PlacesService.swift; sourceTree = "<group>"; };
		C7248E0527C3D9B600258918 /* PlacesListViewController.swift */ = {isa = PBXFileReference; lastKnownFileType = sourcecode.swift; path = PlacesListViewController.swift; sourceTree = "<group>"; };
		C7613BAF27CE69A8003872A5 /* CellDequeueReusable&Registable.swift */ = {isa = PBXFileReference; lastKnownFileType = sourcecode.swift; path = "CellDequeueReusable&Registable.swift"; sourceTree = "<group>"; };
		C7613BB327CE6A97003872A5 /* BaseTableViewCell.swift */ = {isa = PBXFileReference; lastKnownFileType = sourcecode.swift; path = BaseTableViewCell.swift; sourceTree = "<group>"; };
		C775D78F27BBE1DB00EF6568 /* GoogleService.swift */ = {isa = PBXFileReference; lastKnownFileType = sourcecode.swift; path = GoogleService.swift; sourceTree = "<group>"; };
		C79BC25127C3B54F0071A207 /* DataExtension.swift */ = {isa = PBXFileReference; lastKnownFileType = sourcecode.swift; path = DataExtension.swift; sourceTree = "<group>"; };
		C79BFD5427C4F58E00B3876E /* PlaceList.storyboard */ = {isa = PBXFileReference; lastKnownFileType = file.storyboard; path = PlaceList.storyboard; sourceTree = "<group>"; };
		C79BFD5827C503A400B3876E /* UIViewExtension.swift */ = {isa = PBXFileReference; lastKnownFileType = sourcecode.swift; path = UIViewExtension.swift; sourceTree = "<group>"; };
		C79BFD5A27C505C900B3876E /* StoryboardEnum.swift */ = {isa = PBXFileReference; lastKnownFileType = sourcecode.swift; path = StoryboardEnum.swift; sourceTree = "<group>"; };
		C79BFD5C27C505E400B3876E /* UIViewControllerExtension.swift */ = {isa = PBXFileReference; lastKnownFileType = sourcecode.swift; path = UIViewControllerExtension.swift; sourceTree = "<group>"; };
		C7AD62F627C3DB5C00A6365A /* UIImageViewExtension.swift */ = {isa = PBXFileReference; lastKnownFileType = sourcecode.swift; path = UIImageViewExtension.swift; sourceTree = "<group>"; };
		C7C6F77627BE40230076BD36 /* PlacesInformation.swift */ = {isa = PBXFileReference; lastKnownFileType = sourcecode.swift; name = PlacesInformation.swift; path = "Maps Project/Map/Model/PlacesInformation.swift"; sourceTree = SOURCE_ROOT; };
		C7C6F77827BE402F0076BD36 /* LocationManager.swift */ = {isa = PBXFileReference; lastKnownFileType = sourcecode.swift; path = LocationManager.swift; sourceTree = "<group>"; };
		C7C7289727D6547D0076679E /* PlaceViewCell.swift */ = {isa = PBXFileReference; fileEncoding = 4; lastKnownFileType = sourcecode.swift; path = PlaceViewCell.swift; sourceTree = "<group>"; };
		C7C7289927D66B400076679E /* DoubleExtension.swift */ = {isa = PBXFileReference; lastKnownFileType = sourcecode.swift; path = DoubleExtension.swift; sourceTree = "<group>"; };
		C7EF259427D10C11000946CE /* PlaceXibTableViewCell.swift */ = {isa = PBXFileReference; lastKnownFileType = sourcecode.swift; path = PlaceXibTableViewCell.swift; sourceTree = "<group>"; };
		C7EF259527D10C11000946CE /* PlaceXibTableViewCell.xib */ = {isa = PBXFileReference; lastKnownFileType = file.xib; path = PlaceXibTableViewCell.xib; sourceTree = "<group>"; };
		C7EDA89927D618AB00DCFA79 /* PlaceListCollectionViewController.swift */ = {isa = PBXFileReference; lastKnownFileType = sourcecode.swift; path = PlaceListCollectionViewController.swift; sourceTree = "<group>"; };
		C7EDA89B27D62EB600DCFA79 /* PlaceCollectionViewCell.swift */ = {isa = PBXFileReference; lastKnownFileType = sourcecode.swift; path = PlaceCollectionViewCell.swift; sourceTree = "<group>"; };
		C7F01ED427BBAC6300DC9EE4 /* Maps Project.app */ = {isa = PBXFileReference; explicitFileType = wrapper.application; includeInIndex = 0; path = "Maps Project.app"; sourceTree = BUILT_PRODUCTS_DIR; };
		C7F01ED727BBAC6300DC9EE4 /* AppDelegate.swift */ = {isa = PBXFileReference; lastKnownFileType = sourcecode.swift; path = AppDelegate.swift; sourceTree = "<group>"; };
		C7F01ED927BBAC6300DC9EE4 /* SceneDelegate.swift */ = {isa = PBXFileReference; lastKnownFileType = sourcecode.swift; path = SceneDelegate.swift; sourceTree = "<group>"; };
		C7F01EDB27BBAC6300DC9EE4 /* MapViewController.swift */ = {isa = PBXFileReference; lastKnownFileType = sourcecode.swift; path = MapViewController.swift; sourceTree = "<group>"; };
		C7F01EDE27BBAC6300DC9EE4 /* Base */ = {isa = PBXFileReference; lastKnownFileType = file.storyboard; name = Base; path = Base.lproj/Map.storyboard; sourceTree = "<group>"; };
		C7F01EE027BBAC6300DC9EE4 /* Assets.xcassets */ = {isa = PBXFileReference; lastKnownFileType = folder.assetcatalog; path = Assets.xcassets; sourceTree = "<group>"; };
		C7F01EE327BBAC6300DC9EE4 /* Base */ = {isa = PBXFileReference; lastKnownFileType = file.storyboard; name = Base; path = Base.lproj/LaunchScreen.storyboard; sourceTree = "<group>"; };
		C7F01EE527BBAC6300DC9EE4 /* Info.plist */ = {isa = PBXFileReference; lastKnownFileType = text.plist.xml; path = Info.plist; sourceTree = "<group>"; };
/* End PBXFileReference section */

/* Begin PBXFrameworksBuildPhase section */
		C7F01ED127BBAC6300DC9EE4 /* Frameworks */ = {
			isa = PBXFrameworksBuildPhase;
			buildActionMask = 2147483647;
			files = (
				33FEBC3529558BEB4471330D /* Pods_Maps_Project.framework in Frameworks */,
			);
			runOnlyForDeploymentPostprocessing = 0;
		};
/* End PBXFrameworksBuildPhase section */

/* Begin PBXGroup section */
		B2F125042275A457E1B1BE94 /* Pods */ = {
			isa = PBXGroup;
			children = (
				0CBEB23D16A6AA501DC99EAB /* Pods-Maps Project.debug.xcconfig */,
				1B08321CC5DF1ED2B6471B14 /* Pods-Maps Project.release.xcconfig */,
			);
			path = Pods;
			sourceTree = "<group>";
		};
		C7613BAE27CE6991003872A5 /* Protocols */ = {
			isa = PBXGroup;
			children = (
				C7613BAF27CE69A8003872A5 /* CellDequeueReusable&Registable.swift */,
			);
			path = Protocols;
			sourceTree = "<group>";
		};
		C775D78E27BBE1D000EF6568 /* Services */ = {
			isa = PBXGroup;
			children = (
				C775D78F27BBE1DB00EF6568 /* GoogleService.swift */,
				C7C6F77827BE402F0076BD36 /* LocationManager.swift */,
				C71D417C27BF979F00FD3E1E /* NetworkService.swift */,
				C71D544527BFEEA900E514BB /* PlacesService.swift */,
			);
			path = Services;
			sourceTree = "<group>";
		};
		C775D79127BBE65500EF6568 /* App&SceneDelegate */ = {
			isa = PBXGroup;
			children = (
				C7F01ED727BBAC6300DC9EE4 /* AppDelegate.swift */,
				C7F01ED927BBAC6300DC9EE4 /* SceneDelegate.swift */,
			);
			path = "App&SceneDelegate";
			sourceTree = "<group>";
		};
		C79BC25027C3B5320071A207 /* Extensions */ = {
			isa = PBXGroup;
			children = (
				C79BC25127C3B54F0071A207 /* DataExtension.swift */,
				C7AD62F627C3DB5C00A6365A /* UIImageViewExtension.swift */,
				C79BFD5827C503A400B3876E /* UIViewExtension.swift */,
				C79BFD5C27C505E400B3876E /* UIViewControllerExtension.swift */,
				C7C7289927D66B400076679E /* DoubleExtension.swift */,
			);
			path = Extensions;
			sourceTree = "<group>";
		};
		C79BFD5627C4F78100B3876E /* CustomViews */ = {
			isa = PBXGroup;
			children = (
				C7EF259427D10C11000946CE /* PlaceXibTableViewCell.swift */,
				C7C7289727D6547D0076679E /* PlaceViewCell.swift */,
				C7613BB327CE6A97003872A5 /* BaseTableViewCell.swift */,
				C7EDA89B27D62EB600DCFA79 /* PlaceCollectionViewCell.swift */,
			);
			path = CustomViews;
			sourceTree = "<group>";
		};
		C79BFD5727C4F79100B3876E /* Storyboards */ = {
			isa = PBXGroup;
			children = (
				C7F01EE227BBAC6300DC9EE4 /* LaunchScreen.storyboard */,
				C7F01EDD27BBAC6300DC9EE4 /* Map.storyboard */,
				C79BFD5427C4F58E00B3876E /* PlaceList.storyboard */,
				C7EF259527D10C11000946CE /* PlaceXibTableViewCell.xib */,
				C79BFD5A27C505C900B3876E /* StoryboardEnum.swift */,
			);
			path = Storyboards;
			sourceTree = "<group>";
		};
		C7EDA89727D613B200DCFA79 /* Model */ = {
			isa = PBXGroup;
			children = (
				C7C6F77627BE40230076BD36 /* PlacesInformation.swift */,
			);
			path = Model;
			sourceTree = "<group>";
		};
		C7F01ECB27BBAC6300DC9EE4 = {
			isa = PBXGroup;
			children = (
				C7F01ED627BBAC6300DC9EE4 /* Maps Project */,
				C7F01ED527BBAC6300DC9EE4 /* Products */,
				B2F125042275A457E1B1BE94 /* Pods */,
				FA825756C0A5882E4DF06B44 /* Frameworks */,
			);
			sourceTree = "<group>";
		};
		C7F01ED527BBAC6300DC9EE4 /* Products */ = {
			isa = PBXGroup;
			children = (
				C7F01ED427BBAC6300DC9EE4 /* Maps Project.app */,
			);
			name = Products;
			sourceTree = "<group>";
		};
		C7F01ED627BBAC6300DC9EE4 /* Maps Project */ = {
			isa = PBXGroup;
			children = (
				C7F01EEF27BBAD0300DC9EE4 /* Map */,
				C7F01EF327BBAD4700DC9EE4 /* Supporting files */,
			);
			path = "Maps Project";
			sourceTree = "<group>";
		};
		C7F01EEF27BBAD0300DC9EE4 /* Map */ = {
			isa = PBXGroup;
			children = (
				C7613BAE27CE6991003872A5 /* Protocols */,
				C79BC25027C3B5320071A207 /* Extensions */,
				C7EDA89727D613B200DCFA79 /* Model */,
				C7F01EF127BBAD2D00DC9EE4 /* View */,
				C7F01EF027BBAD2400DC9EE4 /* Controller */,
				C775D79127BBE65500EF6568 /* App&SceneDelegate */,
				C775D78E27BBE1D000EF6568 /* Services */,
			);
			path = Map;
			sourceTree = "<group>";
		};
		C7F01EF027BBAD2400DC9EE4 /* Controller */ = {
			isa = PBXGroup;
			children = (
				C7F01EDB27BBAC6300DC9EE4 /* MapViewController.swift */,
				C7248E0527C3D9B600258918 /* PlacesListViewController.swift */,
				C7EDA89927D618AB00DCFA79 /* PlaceListCollectionViewController.swift */,
			);
			path = Controller;
			sourceTree = "<group>";
		};
		C7F01EF127BBAD2D00DC9EE4 /* View */ = {
			isa = PBXGroup;
			children = (
				C79BFD5727C4F79100B3876E /* Storyboards */,
				C79BFD5627C4F78100B3876E /* CustomViews */,
			);
			path = View;
			sourceTree = "<group>";
		};
		C7F01EF327BBAD4700DC9EE4 /* Supporting files */ = {
			isa = PBXGroup;
			children = (
				C7F01EE027BBAC6300DC9EE4 /* Assets.xcassets */,
				C7F01EE527BBAC6300DC9EE4 /* Info.plist */,
			);
			path = "Supporting files";
			sourceTree = "<group>";
		};
		FA825756C0A5882E4DF06B44 /* Frameworks */ = {
			isa = PBXGroup;
			children = (
				741ED81DC7F21DAB09F7DEAA /* Pods_Maps_Project.framework */,
			);
			name = Frameworks;
			sourceTree = "<group>";
		};
/* End PBXGroup section */

/* Begin PBXNativeTarget section */
		C7F01ED327BBAC6300DC9EE4 /* Maps Project */ = {
			isa = PBXNativeTarget;
			buildConfigurationList = C7F01EE827BBAC6300DC9EE4 /* Build configuration list for PBXNativeTarget "Maps Project" */;
			buildPhases = (
				AB7E91492FFC6E6330D23A24 /* [CP] Check Pods Manifest.lock */,
				C7F01ED027BBAC6300DC9EE4 /* Sources */,
				C7F01ED127BBAC6300DC9EE4 /* Frameworks */,
				C7F01ED227BBAC6300DC9EE4 /* Resources */,
				850F8D4788E4775CD3268684 /* [CP] Embed Pods Frameworks */,
				93434FED990F7136808DE87C /* [CP] Copy Pods Resources */,
			);
			buildRules = (
			);
			dependencies = (
			);
			name = "Maps Project";
			productName = "Maps Project";
			productReference = C7F01ED427BBAC6300DC9EE4 /* Maps Project.app */;
			productType = "com.apple.product-type.application";
		};
/* End PBXNativeTarget section */

/* Begin PBXProject section */
		C7F01ECC27BBAC6300DC9EE4 /* Project object */ = {
			isa = PBXProject;
			attributes = {
				BuildIndependentTargetsInParallel = 1;
				LastSwiftUpdateCheck = 1310;
				LastUpgradeCheck = 1310;
				TargetAttributes = {
					C7F01ED327BBAC6300DC9EE4 = {
						CreatedOnToolsVersion = 13.1;
					};
				};
			};
			buildConfigurationList = C7F01ECF27BBAC6300DC9EE4 /* Build configuration list for PBXProject "Maps Project" */;
			compatibilityVersion = "Xcode 13.0";
			developmentRegion = en;
			hasScannedForEncodings = 0;
			knownRegions = (
				en,
				Base,
			);
			mainGroup = C7F01ECB27BBAC6300DC9EE4;
			productRefGroup = C7F01ED527BBAC6300DC9EE4 /* Products */;
			projectDirPath = "";
			projectRoot = "";
			targets = (
				C7F01ED327BBAC6300DC9EE4 /* Maps Project */,
			);
		};
/* End PBXProject section */

/* Begin PBXResourcesBuildPhase section */
		C7F01ED227BBAC6300DC9EE4 /* Resources */ = {
			isa = PBXResourcesBuildPhase;
			buildActionMask = 2147483647;
			files = (
				C79BFD5527C4F58E00B3876E /* PlaceList.storyboard in Resources */,
				C7F01EE427BBAC6300DC9EE4 /* LaunchScreen.storyboard in Resources */,
				C7F01EE127BBAC6300DC9EE4 /* Assets.xcassets in Resources */,
				C7EF259727D10C11000946CE /* PlaceXibTableViewCell.xib in Resources */,
				C7F01EDF27BBAC6300DC9EE4 /* Map.storyboard in Resources */,
			);
			runOnlyForDeploymentPostprocessing = 0;
		};
/* End PBXResourcesBuildPhase section */

/* Begin PBXShellScriptBuildPhase section */
		850F8D4788E4775CD3268684 /* [CP] Embed Pods Frameworks */ = {
			isa = PBXShellScriptBuildPhase;
			buildActionMask = 2147483647;
			files = (
			);
			inputFileListPaths = (
				"${PODS_ROOT}/Target Support Files/Pods-Maps Project/Pods-Maps Project-frameworks-${CONFIGURATION}-input-files.xcfilelist",
			);
			name = "[CP] Embed Pods Frameworks";
			outputFileListPaths = (
				"${PODS_ROOT}/Target Support Files/Pods-Maps Project/Pods-Maps Project-frameworks-${CONFIGURATION}-output-files.xcfilelist",
			);
			runOnlyForDeploymentPostprocessing = 0;
			shellPath = /bin/sh;
			shellScript = "\"${PODS_ROOT}/Target Support Files/Pods-Maps Project/Pods-Maps Project-frameworks.sh\"\n";
			showEnvVarsInLog = 0;
		};
		93434FED990F7136808DE87C /* [CP] Copy Pods Resources */ = {
			isa = PBXShellScriptBuildPhase;
			buildActionMask = 2147483647;
			files = (
			);
			inputFileListPaths = (
				"${PODS_ROOT}/Target Support Files/Pods-Maps Project/Pods-Maps Project-resources-${CONFIGURATION}-input-files.xcfilelist",
			);
			name = "[CP] Copy Pods Resources";
			outputFileListPaths = (
				"${PODS_ROOT}/Target Support Files/Pods-Maps Project/Pods-Maps Project-resources-${CONFIGURATION}-output-files.xcfilelist",
			);
			runOnlyForDeploymentPostprocessing = 0;
			shellPath = /bin/sh;
			shellScript = "\"${PODS_ROOT}/Target Support Files/Pods-Maps Project/Pods-Maps Project-resources.sh\"\n";
			showEnvVarsInLog = 0;
		};
		AB7E91492FFC6E6330D23A24 /* [CP] Check Pods Manifest.lock */ = {
			isa = PBXShellScriptBuildPhase;
			buildActionMask = 2147483647;
			files = (
			);
			inputFileListPaths = (
			);
			inputPaths = (
				"${PODS_PODFILE_DIR_PATH}/Podfile.lock",
				"${PODS_ROOT}/Manifest.lock",
			);
			name = "[CP] Check Pods Manifest.lock";
			outputFileListPaths = (
			);
			outputPaths = (
				"$(DERIVED_FILE_DIR)/Pods-Maps Project-checkManifestLockResult.txt",
			);
			runOnlyForDeploymentPostprocessing = 0;
			shellPath = /bin/sh;
			shellScript = "diff \"${PODS_PODFILE_DIR_PATH}/Podfile.lock\" \"${PODS_ROOT}/Manifest.lock\" > /dev/null\nif [ $? != 0 ] ; then\n    # print error to STDERR\n    echo \"error: The sandbox is not in sync with the Podfile.lock. Run 'pod install' or update your CocoaPods installation.\" >&2\n    exit 1\nfi\n# This output is used by Xcode 'outputs' to avoid re-running this script phase.\necho \"SUCCESS\" > \"${SCRIPT_OUTPUT_FILE_0}\"\n";
			showEnvVarsInLog = 0;
		};
/* End PBXShellScriptBuildPhase section */

/* Begin PBXSourcesBuildPhase section */
		C7F01ED027BBAC6300DC9EE4 /* Sources */ = {
			isa = PBXSourcesBuildPhase;
			buildActionMask = 2147483647;
			files = (
				C7C7289827D6547D0076679E /* PlaceViewCell.swift in Sources */,
				C775D79027BBE1DB00EF6568 /* GoogleService.swift in Sources */,
				C7EDA89C27D62EB600DCFA79 /* PlaceCollectionViewCell.swift in Sources */,
				C7C6F77727BE40230076BD36 /* PlacesInformation.swift in Sources */,
				C7C6F77927BE402F0076BD36 /* LocationManager.swift in Sources */,
				C7EF259627D10C11000946CE /* PlaceXibTableViewCell.swift in Sources */,
				C7613BB427CE6A97003872A5 /* BaseTableViewCell.swift in Sources */,
				C7F01EDC27BBAC6300DC9EE4 /* MapViewController.swift in Sources */,
				C79BFD5D27C505E400B3876E /* UIViewControllerExtension.swift in Sources */,
				C7613BB027CE69A9003872A5 /* CellDequeueReusable&Registable.swift in Sources */,
				C7AD62F727C3DB5C00A6365A /* UIImageViewExtension.swift in Sources */,
				C7F01ED827BBAC6300DC9EE4 /* AppDelegate.swift in Sources */,
				C7F01EDA27BBAC6300DC9EE4 /* SceneDelegate.swift in Sources */,
				C79BFD5927C503A400B3876E /* UIViewExtension.swift in Sources */,
				C79BFD5B27C505C900B3876E /* StoryboardEnum.swift in Sources */,
				C79BC25227C3B54F0071A207 /* DataExtension.swift in Sources */,
				C7C7289A27D66B400076679E /* DoubleExtension.swift in Sources */,
				C71D417D27BF979F00FD3E1E /* NetworkService.swift in Sources */,
				C7248E0627C3D9B600258918 /* PlacesListViewController.swift in Sources */,
				C71D544627BFEEA900E514BB /* PlacesService.swift in Sources */,
				C7EDA89A27D618AB00DCFA79 /* PlaceListCollectionViewController.swift in Sources */,
				C7248E0827C3D9CE00258918 /* PlaceViewCell.swift in Sources */,
			);
			runOnlyForDeploymentPostprocessing = 0;
		};
/* End PBXSourcesBuildPhase section */

/* Begin PBXVariantGroup section */
		C7F01EDD27BBAC6300DC9EE4 /* Map.storyboard */ = {
			isa = PBXVariantGroup;
			children = (
				C7F01EDE27BBAC6300DC9EE4 /* Base */,
			);
			name = Map.storyboard;
			sourceTree = "<group>";
		};
		C7F01EE227BBAC6300DC9EE4 /* LaunchScreen.storyboard */ = {
			isa = PBXVariantGroup;
			children = (
				C7F01EE327BBAC6300DC9EE4 /* Base */,
			);
			name = LaunchScreen.storyboard;
			sourceTree = "<group>";
		};
/* End PBXVariantGroup section */

/* Begin XCBuildConfiguration section */
		C7F01EE627BBAC6300DC9EE4 /* Debug */ = {
			isa = XCBuildConfiguration;
			buildSettings = {
				ALWAYS_SEARCH_USER_PATHS = NO;
				CLANG_ANALYZER_NONNULL = YES;
				CLANG_ANALYZER_NUMBER_OBJECT_CONVERSION = YES_AGGRESSIVE;
				CLANG_CXX_LANGUAGE_STANDARD = "gnu++17";
				CLANG_CXX_LIBRARY = "libc++";
				CLANG_ENABLE_MODULES = YES;
				CLANG_ENABLE_OBJC_ARC = YES;
				CLANG_ENABLE_OBJC_WEAK = YES;
				CLANG_WARN_BLOCK_CAPTURE_AUTORELEASING = YES;
				CLANG_WARN_BOOL_CONVERSION = YES;
				CLANG_WARN_COMMA = YES;
				CLANG_WARN_CONSTANT_CONVERSION = YES;
				CLANG_WARN_DEPRECATED_OBJC_IMPLEMENTATIONS = YES;
				CLANG_WARN_DIRECT_OBJC_ISA_USAGE = YES_ERROR;
				CLANG_WARN_DOCUMENTATION_COMMENTS = YES;
				CLANG_WARN_EMPTY_BODY = YES;
				CLANG_WARN_ENUM_CONVERSION = YES;
				CLANG_WARN_INFINITE_RECURSION = YES;
				CLANG_WARN_INT_CONVERSION = YES;
				CLANG_WARN_NON_LITERAL_NULL_CONVERSION = YES;
				CLANG_WARN_OBJC_IMPLICIT_RETAIN_SELF = YES;
				CLANG_WARN_OBJC_LITERAL_CONVERSION = YES;
				CLANG_WARN_OBJC_ROOT_CLASS = YES_ERROR;
				CLANG_WARN_QUOTED_INCLUDE_IN_FRAMEWORK_HEADER = YES;
				CLANG_WARN_RANGE_LOOP_ANALYSIS = YES;
				CLANG_WARN_STRICT_PROTOTYPES = YES;
				CLANG_WARN_SUSPICIOUS_MOVE = YES;
				CLANG_WARN_UNGUARDED_AVAILABILITY = YES_AGGRESSIVE;
				CLANG_WARN_UNREACHABLE_CODE = YES;
				CLANG_WARN__DUPLICATE_METHOD_MATCH = YES;
				COPY_PHASE_STRIP = NO;
				DEBUG_INFORMATION_FORMAT = dwarf;
				ENABLE_STRICT_OBJC_MSGSEND = YES;
				ENABLE_TESTABILITY = YES;
				"EXCLUDED_ARCHS[sdk=iphonesimulator*]" = arm64;
				GCC_C_LANGUAGE_STANDARD = gnu11;
				GCC_DYNAMIC_NO_PIC = NO;
				GCC_NO_COMMON_BLOCKS = YES;
				GCC_OPTIMIZATION_LEVEL = 0;
				GCC_PREPROCESSOR_DEFINITIONS = (
					"DEBUG=1",
					"$(inherited)",
				);
				GCC_WARN_64_TO_32_BIT_CONVERSION = YES;
				GCC_WARN_ABOUT_RETURN_TYPE = YES_ERROR;
				GCC_WARN_UNDECLARED_SELECTOR = YES;
				GCC_WARN_UNINITIALIZED_AUTOS = YES_AGGRESSIVE;
				GCC_WARN_UNUSED_FUNCTION = YES;
				GCC_WARN_UNUSED_VARIABLE = YES;
				IPHONEOS_DEPLOYMENT_TARGET = 15.0;
				MTL_ENABLE_DEBUG_INFO = INCLUDE_SOURCE;
				MTL_FAST_MATH = YES;
				ONLY_ACTIVE_ARCH = YES;
				SDKROOT = iphoneos;
				SWIFT_ACTIVE_COMPILATION_CONDITIONS = DEBUG;
				SWIFT_OPTIMIZATION_LEVEL = "-Onone";
			};
			name = Debug;
		};
		C7F01EE727BBAC6300DC9EE4 /* Release */ = {
			isa = XCBuildConfiguration;
			buildSettings = {
				ALWAYS_SEARCH_USER_PATHS = NO;
				CLANG_ANALYZER_NONNULL = YES;
				CLANG_ANALYZER_NUMBER_OBJECT_CONVERSION = YES_AGGRESSIVE;
				CLANG_CXX_LANGUAGE_STANDARD = "gnu++17";
				CLANG_CXX_LIBRARY = "libc++";
				CLANG_ENABLE_MODULES = YES;
				CLANG_ENABLE_OBJC_ARC = YES;
				CLANG_ENABLE_OBJC_WEAK = YES;
				CLANG_WARN_BLOCK_CAPTURE_AUTORELEASING = YES;
				CLANG_WARN_BOOL_CONVERSION = YES;
				CLANG_WARN_COMMA = YES;
				CLANG_WARN_CONSTANT_CONVERSION = YES;
				CLANG_WARN_DEPRECATED_OBJC_IMPLEMENTATIONS = YES;
				CLANG_WARN_DIRECT_OBJC_ISA_USAGE = YES_ERROR;
				CLANG_WARN_DOCUMENTATION_COMMENTS = YES;
				CLANG_WARN_EMPTY_BODY = YES;
				CLANG_WARN_ENUM_CONVERSION = YES;
				CLANG_WARN_INFINITE_RECURSION = YES;
				CLANG_WARN_INT_CONVERSION = YES;
				CLANG_WARN_NON_LITERAL_NULL_CONVERSION = YES;
				CLANG_WARN_OBJC_IMPLICIT_RETAIN_SELF = YES;
				CLANG_WARN_OBJC_LITERAL_CONVERSION = YES;
				CLANG_WARN_OBJC_ROOT_CLASS = YES_ERROR;
				CLANG_WARN_QUOTED_INCLUDE_IN_FRAMEWORK_HEADER = YES;
				CLANG_WARN_RANGE_LOOP_ANALYSIS = YES;
				CLANG_WARN_STRICT_PROTOTYPES = YES;
				CLANG_WARN_SUSPICIOUS_MOVE = YES;
				CLANG_WARN_UNGUARDED_AVAILABILITY = YES_AGGRESSIVE;
				CLANG_WARN_UNREACHABLE_CODE = YES;
				CLANG_WARN__DUPLICATE_METHOD_MATCH = YES;
				COPY_PHASE_STRIP = NO;
				DEBUG_INFORMATION_FORMAT = "dwarf-with-dsym";
				ENABLE_NS_ASSERTIONS = NO;
				ENABLE_STRICT_OBJC_MSGSEND = YES;
				"EXCLUDED_ARCHS[sdk=iphonesimulator*]" = arm64;
				GCC_C_LANGUAGE_STANDARD = gnu11;
				GCC_NO_COMMON_BLOCKS = YES;
				GCC_WARN_64_TO_32_BIT_CONVERSION = YES;
				GCC_WARN_ABOUT_RETURN_TYPE = YES_ERROR;
				GCC_WARN_UNDECLARED_SELECTOR = YES;
				GCC_WARN_UNINITIALIZED_AUTOS = YES_AGGRESSIVE;
				GCC_WARN_UNUSED_FUNCTION = YES;
				GCC_WARN_UNUSED_VARIABLE = YES;
				IPHONEOS_DEPLOYMENT_TARGET = 15.0;
				MTL_ENABLE_DEBUG_INFO = NO;
				MTL_FAST_MATH = YES;
				SDKROOT = iphoneos;
				SWIFT_COMPILATION_MODE = wholemodule;
				SWIFT_OPTIMIZATION_LEVEL = "-O";
				VALIDATE_PRODUCT = YES;
			};
			name = Release;
		};
		C7F01EE927BBAC6300DC9EE4 /* Debug */ = {
			isa = XCBuildConfiguration;
			baseConfigurationReference = 0CBEB23D16A6AA501DC99EAB /* Pods-Maps Project.debug.xcconfig */;
			buildSettings = {
				ARCHS = "$(ARCHS_STANDARD)";
				ASSETCATALOG_COMPILER_APPICON_NAME = AppIcon;
				ASSETCATALOG_COMPILER_GLOBAL_ACCENT_COLOR_NAME = AccentColor;
				CODE_SIGN_STYLE = Automatic;
				CURRENT_PROJECT_VERSION = 1;
				DEVELOPMENT_TEAM = SMZH48C953;
				"EXCLUDED_ARCHS[sdk=iphonesimulator*]" = arm64;
				GENERATE_INFOPLIST_FILE = YES;
				INFOPLIST_FILE = "Maps Project/Supporting files/Info.plist";
				INFOPLIST_KEY_NSLocationAlwaysAndWhenInUseUsageDescription = "Please allow access to see your location";
				INFOPLIST_KEY_NSLocationWhenInUseUsageDescription = "Please allow access to see your location";
				INFOPLIST_KEY_UIApplicationSupportsIndirectInputEvents = YES;
				INFOPLIST_KEY_UILaunchStoryboardName = LaunchScreen;
				INFOPLIST_KEY_UIMainStoryboardFile = Map;
				INFOPLIST_KEY_UISupportedInterfaceOrientations_iPad = "UIInterfaceOrientationPortrait UIInterfaceOrientationPortraitUpsideDown UIInterfaceOrientationLandscapeLeft UIInterfaceOrientationLandscapeRight";
				INFOPLIST_KEY_UISupportedInterfaceOrientations_iPhone = "UIInterfaceOrientationPortrait UIInterfaceOrientationLandscapeLeft UIInterfaceOrientationLandscapeRight";
				LD_RUNPATH_SEARCH_PATHS = (
					"$(inherited)",
					"@executable_path/Frameworks",
				);
				MARKETING_VERSION = 1.0;
				PRODUCT_BUNDLE_IDENTIFIER = "Danylo-Klymov.Maps-Project";
				PRODUCT_NAME = "$(TARGET_NAME)";
				SWIFT_EMIT_LOC_STRINGS = YES;
				SWIFT_VERSION = 5.0;
				TARGETED_DEVICE_FAMILY = 1;
				VALIDATE_WORKSPACE = NO;
			};
			name = Debug;
		};
		C7F01EEA27BBAC6300DC9EE4 /* Release */ = {
			isa = XCBuildConfiguration;
			baseConfigurationReference = 1B08321CC5DF1ED2B6471B14 /* Pods-Maps Project.release.xcconfig */;
			buildSettings = {
				ARCHS = "$(ARCHS_STANDARD)";
				ASSETCATALOG_COMPILER_APPICON_NAME = AppIcon;
				ASSETCATALOG_COMPILER_GLOBAL_ACCENT_COLOR_NAME = AccentColor;
				CODE_SIGN_STYLE = Automatic;
				CURRENT_PROJECT_VERSION = 1;
				DEVELOPMENT_TEAM = SMZH48C953;
				GENERATE_INFOPLIST_FILE = YES;
				INFOPLIST_FILE = "Maps Project/Supporting files/Info.plist";
				INFOPLIST_KEY_NSLocationAlwaysAndWhenInUseUsageDescription = "Please allow access to see your location";
				INFOPLIST_KEY_NSLocationWhenInUseUsageDescription = "Please allow access to see your location";
				INFOPLIST_KEY_UIApplicationSupportsIndirectInputEvents = YES;
				INFOPLIST_KEY_UILaunchStoryboardName = LaunchScreen;
				INFOPLIST_KEY_UIMainStoryboardFile = Map;
				INFOPLIST_KEY_UISupportedInterfaceOrientations_iPad = "UIInterfaceOrientationPortrait UIInterfaceOrientationPortraitUpsideDown UIInterfaceOrientationLandscapeLeft UIInterfaceOrientationLandscapeRight";
				INFOPLIST_KEY_UISupportedInterfaceOrientations_iPhone = "UIInterfaceOrientationPortrait UIInterfaceOrientationLandscapeLeft UIInterfaceOrientationLandscapeRight";
				LD_RUNPATH_SEARCH_PATHS = (
					"$(inherited)",
					"@executable_path/Frameworks",
				);
				MARKETING_VERSION = 1.0;
				PRODUCT_BUNDLE_IDENTIFIER = "Danylo-Klymov.Maps-Project";
				PRODUCT_NAME = "$(TARGET_NAME)";
				SWIFT_EMIT_LOC_STRINGS = YES;
				SWIFT_VERSION = 5.0;
				TARGETED_DEVICE_FAMILY = 1;
				VALIDATE_WORKSPACE = NO;
			};
			name = Release;
		};
/* End XCBuildConfiguration section */

/* Begin XCConfigurationList section */
		C7F01ECF27BBAC6300DC9EE4 /* Build configuration list for PBXProject "Maps Project" */ = {
			isa = XCConfigurationList;
			buildConfigurations = (
				C7F01EE627BBAC6300DC9EE4 /* Debug */,
				C7F01EE727BBAC6300DC9EE4 /* Release */,
			);
			defaultConfigurationIsVisible = 0;
			defaultConfigurationName = Release;
		};
		C7F01EE827BBAC6300DC9EE4 /* Build configuration list for PBXNativeTarget "Maps Project" */ = {
			isa = XCConfigurationList;
			buildConfigurations = (
				C7F01EE927BBAC6300DC9EE4 /* Debug */,
				C7F01EEA27BBAC6300DC9EE4 /* Release */,
			);
			defaultConfigurationIsVisible = 0;
			defaultConfigurationName = Release;
		};
/* End XCConfigurationList section */
	};
	rootObject = C7F01ECC27BBAC6300DC9EE4 /* Project object */;
}
